
Microsoft Visual Studio Solution File, Format Version 12.00
# Visual Studio Version 17
VisualStudioVersion = 17.5.002.0
MinimumVisualStudioVersion = 10.0.40219.1
Project("{9A19103F-16F7-4668-BE54-9A1E7A4F7556}") = "RateLimit", "RateLimit\RateLimit.csproj", "{266DE2E1-E8A5-4909-A613-BCF85431988D}"
EndProject
Global
	GlobalSection(SolutionConfigurationPlatforms) = preSolution
		Debug|Any CPU = Debug|Any CPU
		Release|Any CPU = Release|Any CPU
	EndGlobalSection
	GlobalSection(ProjectConfigurationPlatforms) = postSolution
		{266DE2E1-E8A5-4909-A613-BCF85431988D}.Debug|Any CPU.ActiveCfg = Debug|Any CPU
		{266DE2E1-E8A5-4909-A613-BCF85431988D}.Debug|Any CPU.Build.0 = Debug|Any CPU
		{266DE2E1-E8A5-4909-A613-BCF85431988D}.Release|Any CPU.ActiveCfg = Release|Any CPU
		{266DE2E1-E8A5-4909-A613-BCF85431988D}.Release|Any CPU.Build.0 = Release|Any CPU
		{83B21FF4-8507-4B01-82B8-321A36EB5116}.Debug|Any CPU.ActiveCfg = Debug|Any CPU
		{83B21FF4-8507-4B01-82B8-321A36EB5116}.Debug|Any CPU.Build.0 = Debug|Any CPU
		{83B21FF4-8507-4B01-82B8-321A36EB5116}.Release|Any CPU.ActiveCfg = Release|Any CPU
		{83B21FF4-8507-4B01-82B8-321A36EB5116}.Release|Any CPU.Build.0 = Release|Any CPU
	EndGlobalSection
	GlobalSection(SolutionProperties) = preSolution
		HideSolutionNode = FALSE
	EndGlobalSection
	GlobalSection(ExtensibilityGlobals) = postSolution
		SolutionGuid = {D162FEB0-1657-481A-8FA3-AFAF36D25DDB}
	EndGlobalSection
EndGlobal
